
Microsoft Visual Studio Solution File, Format Version 12.00
# Visual Studio Version 17
VisualStudioVersion = 17.7.34031.279
MinimumVisualStudioVersion = 10.0.40219.1
Project("{FAE04EC0-301F-11D3-BF4B-00C04F79EFBC}") = "TresEnRaya", "TresEnRaya.csproj", "{110CF58C-3371-4B40-8219-0B737FDA9600}"
EndProject
Global
	GlobalSection(SolutionConfigurationPlatforms) = preSolution
		Debug|Any CPU = Debug|Any CPU
		Release|Any CPU = Release|Any CPU
	EndGlobalSection
	GlobalSection(ProjectConfigurationPlatforms) = postSolution
		{110CF58C-3371-4B40-8219-0B737FDA9600}.Debug|Any CPU.ActiveCfg = Debug|Any CPU
		{110CF58C-3371-4B40-8219-0B737FDA9600}.Debug|Any CPU.Build.0 = Debug|Any CPU
		{110CF58C-3371-4B40-8219-0B737FDA9600}.Debug|Any CPU.Deploy.0 = Debug|Any CPU
		{110CF58C-3371-4B40-8219-0B737FDA9600}.Release|Any CPU.ActiveCfg = Release|Any CPU
		{110CF58C-3371-4B40-8219-0B737FDA9600}.Release|Any CPU.Build.0 = Release|Any CPU
		{110CF58C-3371-4B40-8219-0B737FDA9600}.Release|Any CPU.Deploy.0 = Release|Any CPU
	EndGlobalSection
	GlobalSection(SolutionProperties) = preSolution
		HideSolutionNode = FALSE
	EndGlobalSection
	GlobalSection(ExtensibilityGlobals) = postSolution
		SolutionGuid = {D3835ABE-8331-4FE0-947C-D22B57549032}
	EndGlobalSection
EndGlobal
